
Microsoft Visual Studio Solution File, Format Version 12.00
# Visual Studio Version 17
VisualStudioVersion = 17.11.35208.52
MinimumVisualStudioVersion = 10.0.40219.1
Project("{FAE04EC0-301F-11D3-BF4B-00C04F79EFBC}") = "bai4", "bai4\bai4.csproj", "{DDF235AF-EE0B-4B25-A714-6C521736E1E1}"
EndProject
Global
	GlobalSection(SolutionConfigurationPlatforms) = preSolution
		Debug|Any CPU = Debug|Any CPU
		Release|Any CPU = Release|Any CPU
	EndGlobalSection
	GlobalSection(ProjectConfigurationPlatforms) = postSolution
		{DDF235AF-EE0B-4B25-A714-6C521736E1E1}.Debug|Any CPU.ActiveCfg = Debug|Any CPU
		{DDF235AF-EE0B-4B25-A714-6C521736E1E1}.Debug|Any CPU.Build.0 = Debug|Any CPU
		{DDF235AF-EE0B-4B25-A714-6C521736E1E1}.Release|Any CPU.ActiveCfg = Release|Any CPU
		{DDF235AF-EE0B-4B25-A714-6C521736E1E1}.Release|Any CPU.Build.0 = Release|Any CPU
	EndGlobalSection
	GlobalSection(SolutionProperties) = preSolution
		HideSolutionNode = FALSE
	EndGlobalSection
	GlobalSection(ExtensibilityGlobals) = postSolution
		SolutionGuid = {8930E8D9-982D-4237-9ABB-B38FD00612EA}
	EndGlobalSection
EndGlobal
